
Microsoft Visual Studio Solution File, Format Version 12.00
# Visual Studio Version 17
VisualStudioVersion = 17.5.33516.290
MinimumVisualStudioVersion = 10.0.40219.1
Project("{9A19103F-16F7-4668-BE54-9A1E7A4F7556}") = "ReportDesign", "ReportDesign\ReportDesign.csproj", "{F8E7DEA2-8037-4323-B3BF-C988C64704A2}"
EndProject
Project("{FAE04EC0-301F-11D3-BF4B-00C04F79EFBC}") = "Bi.Core", "Bi.Core\Bi.Core.csproj", "{21A9BEF0-C445-4567-99BF-783060336AE7}"
EndProject
Project("{FAE04EC0-301F-11D3-BF4B-00C04F79EFBC}") = "Bi.Entity", "Bi.Entity\Bi.Entity.csproj", "{8387599B-7878-4EB7-9E88-E8F4B927786F}"
EndProject
Project("{FAE04EC0-301F-11D3-BF4B-00C04F79EFBC}") = "Bi.Services", "Bi.Services\Bi.Services.csproj", "{7D723B44-FA57-4678-8BF8-A3E901F18650}"
EndProject
Global
	GlobalSection(SolutionConfigurationPlatforms) = preSolution
		Debug|Any CPU = Debug|Any CPU
		Release|Any CPU = Release|Any CPU
	EndGlobalSection
	GlobalSection(ProjectConfigurationPlatforms) = postSolution
		{F8E7DEA2-8037-4323-B3BF-C988C64704A2}.Debug|Any CPU.ActiveCfg = Debug|Any CPU
		{F8E7DEA2-8037-4323-B3BF-C988C64704A2}.Debug|Any CPU.Build.0 = Debug|Any CPU
		{F8E7DEA2-8037-4323-B3BF-C988C64704A2}.Release|Any CPU.ActiveCfg = Release|Any CPU
		{F8E7DEA2-8037-4323-B3BF-C988C64704A2}.Release|Any CPU.Build.0 = Release|Any CPU
		{21A9BEF0-C445-4567-99BF-783060336AE7}.Debug|Any CPU.ActiveCfg = Debug|Any CPU
		{21A9BEF0-C445-4567-99BF-783060336AE7}.Debug|Any CPU.Build.0 = Debug|Any CPU
		{21A9BEF0-C445-4567-99BF-783060336AE7}.Release|Any CPU.ActiveCfg = Release|Any CPU
		{21A9BEF0-C445-4567-99BF-783060336AE7}.Release|Any CPU.Build.0 = Release|Any CPU
		{8387599B-7878-4EB7-9E88-E8F4B927786F}.Debug|Any CPU.ActiveCfg = Debug|Any CPU
		{8387599B-7878-4EB7-9E88-E8F4B927786F}.Debug|Any CPU.Build.0 = Debug|Any CPU
		{8387599B-7878-4EB7-9E88-E8F4B927786F}.Release|Any CPU.ActiveCfg = Release|Any CPU
		{8387599B-7878-4EB7-9E88-E8F4B927786F}.Release|Any CPU.Build.0 = Release|Any CPU
		{7D723B44-FA57-4678-8BF8-A3E901F18650}.Debug|Any CPU.ActiveCfg = Debug|Any CPU
		{7D723B44-FA57-4678-8BF8-A3E901F18650}.Debug|Any CPU.Build.0 = Debug|Any CPU
		{7D723B44-FA57-4678-8BF8-A3E901F18650}.Release|Any CPU.ActiveCfg = Release|Any CPU
		{7D723B44-FA57-4678-8BF8-A3E901F18650}.Release|Any CPU.Build.0 = Release|Any CPU
	EndGlobalSection
	GlobalSection(SolutionProperties) = preSolution
		HideSolutionNode = FALSE
	EndGlobalSection
	GlobalSection(ExtensibilityGlobals) = postSolution
		SolutionGuid = {CB91C491-10B9-4DF3-8F0E-497B5648A733}
	EndGlobalSection
EndGlobal
